PODS:
  - AWSAppSync (2.6.17):
    - AWSCore (~> 2.6.6)
    - ReachabilitySwift (~> 4.0.0)
    - SQLite.swift (= 0.11.4)
  - AWSCognitoIdentityProvider (2.6.23):
    - AWSCognitoIdentityProviderASF (= 1.0.1)
    - AWSCore (= 2.6.23)
  - AWSCognitoIdentityProviderASF (1.0.1)
  - AWSCore (2.6.23)
  - AWSS3 (2.6.23):
    - AWSCore (= 2.6.23)
  - Bolts (1.9.0):
    - Bolts/AppLinks (= 1.9.0)
    - Bolts/Tasks (= 1.9.0)
  - Bolts/AppLinks (1.9.0):
    - Bolts/Tasks
  - Bolts/Tasks (1.9.0)
  - Crashlytics (3.10.4):
    - Fabric (~> 1.7.9)
  - Fabric (1.7.9)
  - FacebookCore (0.3.1):
    - Bolts (~> 1.8)
    - FBSDKCoreKit (~> 4.33)
  - FacebookLogin (0.3.1):
    - Bolts (~> 1.8)
    - FacebookCore (~> 0.3.1)
    - FBSDKCoreKit (~> 4.33)
    - FBSDKLoginKit (~> 4.33)
  - FBSDKCoreKit (4.34.0):
    - Bolts (~> 1.7)
  - FBSDKLoginKit (4.34.0):
    - FBSDKCoreKit
  - Firebase/Core (5.4.0):
    - Firebase/CoreOnly
    - FirebaseAnalytics (= 5.0.1)
  - Firebase/CoreOnly (5.4.0):
    - FirebaseCore (= 5.0.5)
  - FirebaseAnalytics (5.0.1):
    - FirebaseCore (~> 5.0)
    - FirebaseInstanceID (~> 3.0)
    - "GoogleToolboxForMac/NSData+zlib (~> 2.1)"
    - nanopb (~> 0.3)
  - FirebaseCore (5.0.5):
    - "GoogleToolboxForMac/NSData+zlib (~> 2.1)"
  - FirebaseInstanceID (3.1.1):
    - FirebaseCore (~> 5.0)
  - Google-Mobile-Ads-SDK (7.31.0)
  - GoogleToolboxForMac/Defines (2.1.4)
  - "GoogleToolboxForMac/NSData+zlib (2.1.4)":
    - GoogleToolboxForMac/Defines (= 2.1.4)
  - Kingfisher (4.8.0)
  - nanopb (0.3.8):
    - nanopb/decode (= 0.3.8)
    - nanopb/encode (= 0.3.8)
  - nanopb/decode (0.3.8)
  - nanopb/encode (0.3.8)
  - ReachabilitySwift (4.0.0)
  - SQLite.swift (0.11.4):
    - SQLite.swift/standard (= 0.11.4)
  - SQLite.swift/standard (0.11.4)

DEPENDENCIES:
  - AWSAppSync
  - AWSCognitoIdentityProvider
  - AWSS3
  - Crashlytics (~> 3.10.2)
  - Fabric (~> 1.7.7)
  - FacebookCore
  - FacebookLogin
  - Firebase/Core
  - Google-Mobile-Ads-SDK
  - Kingfisher
  - SQLite.swift

SPEC REPOS:
  https://github.com/CocoaPods/Specs.git:
    - AWSAppSync
    - AWSCognitoIdentityProvider
    - AWSCognitoIdentityProviderASF
    - AWSCore
    - AWSS3
    - Bolts
    - Crashlytics
    - Fabric
    - FacebookCore
    - FacebookLogin
    - FBSDKCoreKit
    - FBSDKLoginKit
    - Firebase
    - FirebaseAnalytics
    - FirebaseCore
    - FirebaseInstanceID
    - Google-Mobile-Ads-SDK
    - GoogleToolboxForMac
    - Kingfisher
    - nanopb
    - ReachabilitySwift
    - SQLite.swift

SPEC CHECKSUMS:
  AWSAppSync: f55e249d70e483863cd6582d8d9b148436dda364
  AWSCognitoIdentityProvider: 605ea825077825717418e37fba27d5cd23958ea2
  AWSCognitoIdentityProviderASF: f94f1a502e72ef3d0a1de93e10bf7a79c8698118
  AWSCore: d56f69d7312e652e51c70f3b25e1687a5c2d06ca
  AWSS3: 198942f234628f1ad1c373725d65c33ebfe87af6
  Bolts: ac6567323eac61e203f6a9763667d0f711be34c8
  Crashlytics: 915a7787b84f635fb2a81f92a90e265c2c413f76
  Fabric: a2917d3895e4c1569b9c3170de7320ea1b1e6661
  FacebookCore: 33078ef1d7d76b73f7e8c990dca7d3ea6db8d22f
  FacebookLogin: 6f15bf4fefd7a8865abbfa8fcd7f3dfd87aa275f
  FBSDKCoreKit: 0ff57f093b85c8c9d5aba697d3edf68a8960ce78
  FBSDKLoginKit: 8c78f57a145afb756e4755e69195ebe08a42466e
  Firebase: d66f4f29c23f22d96808d9abc174d81d8eee968f
  FirebaseAnalytics: b3628aea54c50464c32c393fb2ea032566e7ecc2
  FirebaseCore: 42b3267233bd21a5abd54117ccc38ca3dd0f8e83
  FirebaseInstanceID: f3f0657372592ecdfdfe2cac604a5a75758376a6
  Google-Mobile-Ads-SDK: 6e529e748b45507a2ca904e0b5a52669ba3920c4
  GoogleToolboxForMac: 91c824d21e85b31c2aae9bb011c5027c9b4e738f
  Kingfisher: 976d828df2b24834c6a3f2fc4d82cdbd26552be1
  nanopb: 5601e6bca2dbf1ed831b519092ec110f66982ca3
  ReachabilitySwift: e67b2cab4d5386053673d8a7421b5981e5f08259
  SQLite.swift: 3e3bee21da701b5b9f87c4a672cb54f233505692

PODFILE CHECKSUM: 4d5b94e5ccace07399f65d1a3342473310bfd99d

COCOAPODS: 1.5.0
