// !$*UTF8*$!
{
	archiveVersion = 1;
	classes = {
	};
	objectVersion = 48;
	objects = {

/* Begin PBXBuildFile section */
		4C6C961B201E796800A059E9 /* NewGameViewController.swift in Sources */ = {isa = PBXBuildFile; fileRef = 4C6C961A201E796800A059E9 /* NewGameViewController.swift */; };
		4C6C961E201E7F8300A059E9 /* DrawableImageView.swift in Sources */ = {isa = PBXBuildFile; fileRef = 4C6C961D201E7F8300A059E9 /* DrawableImageView.swift */; };
		4C6C9620201E85C200A059E9 /* PrototypeModels.swift in Sources */ = {isa = PBXBuildFile; fileRef = 4C6C961F201E85C200A059E9 /* PrototypeModels.swift */; };
		4C6C9622201E8C5800A059E9 /* DrawViewController.swift in Sources */ = {isa = PBXBuildFile; fileRef = 4C6C9621201E8C5800A059E9 /* DrawViewController.swift */; };
		4C6C9624201E8CA300A059E9 /* GamesManager.swift in Sources */ = {isa = PBXBuildFile; fileRef = 4C6C9623201E8CA300A059E9 /* GamesManager.swift */; };
		4C6C9626201E981B00A059E9 /* GuessViewController.swift in Sources */ = {isa = PBXBuildFile; fileRef = 4C6C9625201E981B00A059E9 /* GuessViewController.swift */; };
		4C8C6C77201E6F2600197CBB /* AppDelegate.swift in Sources */ = {isa = PBXBuildFile; fileRef = 4C8C6C76201E6F2600197CBB /* AppDelegate.swift */; };
		4C8C6C79201E6F2600197CBB /* NewGamesViewController.swift in Sources */ = {isa = PBXBuildFile; fileRef = 4C8C6C78201E6F2600197CBB /* NewGamesViewController.swift */; };
		4C8C6C7C201E6F2600197CBB /* Main.storyboard in Resources */ = {isa = PBXBuildFile; fileRef = 4C8C6C7A201E6F2600197CBB /* Main.storyboard */; };
		4C8C6C7E201E6F2600197CBB /* Assets.xcassets in Resources */ = {isa = PBXBuildFile; fileRef = 4C8C6C7D201E6F2600197CBB /* Assets.xcassets */; };
		4C8C6C81201E6F2600197CBB /* LaunchScreen.storyboard in Resources */ = {isa = PBXBuildFile; fileRef = 4C8C6C7F201E6F2600197CBB /* LaunchScreen.storyboard */; };
		4CB8B03E20202E3A00D0DD95 /* UIView.swift in Sources */ = {isa = PBXBuildFile; fileRef = 4CB8B03D20202E3A00D0DD95 /* UIView.swift */; };
		4CB8B0402020DEB600D0DD95 /* UIViewController.swift in Sources */ = {isa = PBXBuildFile; fileRef = 4CB8B03F2020DEB600D0DD95 /* UIViewController.swift */; };
		4CB8B0422020FB3800D0DD95 /* CGPoint.swift in Sources */ = {isa = PBXBuildFile; fileRef = 4CB8B0412020FB3800D0DD95 /* CGPoint.swift */; };
		4CB8B04520217DF900D0DD95 /* logo.svg in Resources */ = {isa = PBXBuildFile; fileRef = 4CB8B04320217DF900D0DD95 /* logo.svg */; };
		4CB8B04620217DF900D0DD95 /* logo.png in Resources */ = {isa = PBXBuildFile; fileRef = 4CB8B04420217DF900D0DD95 /* logo.png */; };
		4CB8B04A20218CD700D0DD95 /* UIColor.swift in Sources */ = {isa = PBXBuildFile; fileRef = 4CB8B04920218CD700D0DD95 /* UIColor.swift */; };
		4CF33D442022868500D311FF /* InProgressViewController.swift in Sources */ = {isa = PBXBuildFile; fileRef = 4CF33D432022868500D311FF /* InProgressViewController.swift */; };
		4CF33D462022869600D311FF /* CompletedViewController.swift in Sources */ = {isa = PBXBuildFile; fileRef = 4CF33D452022869600D311FF /* CompletedViewController.swift */; };
		4CF33D4820228BCD00D311FF /* CompletedGameViewController.swift in Sources */ = {isa = PBXBuildFile; fileRef = 4CF33D4720228BCD00D311FF /* CompletedGameViewController.swift */; };
		4CF33D4A2022C51E00D311FF /* UserManager.swift in Sources */ = {isa = PBXBuildFile; fileRef = 4CF33D492022C51E00D311FF /* UserManager.swift */; };
		AF17E539B9F995B6A080CCDE /* Pods_sketchaphone.framework in Frameworks */ = {isa = PBXBuildFile; fileRef = 7FA7B3E1D9F005AD1BB7C1EA /* Pods_sketchaphone.framework */; };
/* End PBXBuildFile section */

/* Begin PBXFileReference section */
		21BCC6768CDBEF17863D9228 /* Pods-sketchaphone.release.xcconfig */ = {isa = PBXFileReference; includeInIndex = 1; lastKnownFileType = text.xcconfig; name = "Pods-sketchaphone.release.xcconfig"; path = "Pods/Target Support Files/Pods-sketchaphone/Pods-sketchaphone.release.xcconfig"; sourceTree = "<group>"; };
		4C6C961A201E796800A059E9 /* NewGameViewController.swift */ = {isa = PBXFileReference; lastKnownFileType = sourcecode.swift; path = NewGameViewController.swift; sourceTree = "<group>"; };
		4C6C961D201E7F8300A059E9 /* DrawableImageView.swift */ = {isa = PBXFileReference; lastKnownFileType = sourcecode.swift; path = DrawableImageView.swift; sourceTree = "<group>"; };
		4C6C961F201E85C200A059E9 /* PrototypeModels.swift */ = {isa = PBXFileReference; lastKnownFileType = sourcecode.swift; path = PrototypeModels.swift; sourceTree = "<group>"; };
		4C6C9621201E8C5800A059E9 /* DrawViewController.swift */ = {isa = PBXFileReference; lastKnownFileType = sourcecode.swift; path = DrawViewController.swift; sourceTree = "<group>"; };
		4C6C9623201E8CA300A059E9 /* GamesManager.swift */ = {isa = PBXFileReference; lastKnownFileType = sourcecode.swift; path = GamesManager.swift; sourceTree = "<group>"; };
		4C6C9625201E981B00A059E9 /* GuessViewController.swift */ = {isa = PBXFileReference; lastKnownFileType = sourcecode.swift; path = GuessViewController.swift; sourceTree = "<group>"; };
		4C8C6C73201E6F2600197CBB /* sketchaphone.app */ = {isa = PBXFileReference; explicitFileType = wrapper.application; includeInIndex = 0; path = sketchaphone.app; sourceTree = BUILT_PRODUCTS_DIR; };
		4C8C6C76201E6F2600197CBB /* AppDelegate.swift */ = {isa = PBXFileReference; lastKnownFileType = sourcecode.swift; path = AppDelegate.swift; sourceTree = "<group>"; };
		4C8C6C78201E6F2600197CBB /* NewGamesViewController.swift */ = {isa = PBXFileReference; lastKnownFileType = sourcecode.swift; path = NewGamesViewController.swift; sourceTree = "<group>"; };
		4C8C6C7B201E6F2600197CBB /* Base */ = {isa = PBXFileReference; lastKnownFileType = file.storyboard; name = Base; path = Base.lproj/Main.storyboard; sourceTree = "<group>"; };
		4C8C6C7D201E6F2600197CBB /* Assets.xcassets */ = {isa = PBXFileReference; lastKnownFileType = folder.assetcatalog; path = Assets.xcassets; sourceTree = "<group>"; };
		4C8C6C80201E6F2600197CBB /* Base */ = {isa = PBXFileReference; lastKnownFileType = file.storyboard; name = Base; path = Base.lproj/LaunchScreen.storyboard; sourceTree = "<group>"; };
		4C8C6C82201E6F2600197CBB /* Info.plist */ = {isa = PBXFileReference; lastKnownFileType = text.plist.xml; path = Info.plist; sourceTree = "<group>"; };
		4CB8B03D20202E3A00D0DD95 /* UIView.swift */ = {isa = PBXFileReference; lastKnownFileType = sourcecode.swift; path = UIView.swift; sourceTree = "<group>"; };
		4CB8B03F2020DEB600D0DD95 /* UIViewController.swift */ = {isa = PBXFileReference; lastKnownFileType = sourcecode.swift; path = UIViewController.swift; sourceTree = "<group>"; };
		4CB8B0412020FB3800D0DD95 /* CGPoint.swift */ = {isa = PBXFileReference; lastKnownFileType = sourcecode.swift; path = CGPoint.swift; sourceTree = "<group>"; };
		4CB8B04320217DF900D0DD95 /* logo.svg */ = {isa = PBXFileReference; fileEncoding = 4; lastKnownFileType = text.xml; path = logo.svg; sourceTree = "<group>"; };
		4CB8B04420217DF900D0DD95 /* logo.png */ = {isa = PBXFileReference; lastKnownFileType = image.png; path = logo.png; sourceTree = "<group>"; };
		4CB8B04920218CD700D0DD95 /* UIColor.swift */ = {isa = PBXFileReference; lastKnownFileType = sourcecode.swift; path = UIColor.swift; sourceTree = "<group>"; };
		4CF33D432022868500D311FF /* InProgressViewController.swift */ = {isa = PBXFileReference; lastKnownFileType = sourcecode.swift; path = InProgressViewController.swift; sourceTree = "<group>"; };
		4CF33D452022869600D311FF /* CompletedViewController.swift */ = {isa = PBXFileReference; lastKnownFileType = sourcecode.swift; path = CompletedViewController.swift; sourceTree = "<group>"; };
		4CF33D4720228BCD00D311FF /* CompletedGameViewController.swift */ = {isa = PBXFileReference; lastKnownFileType = sourcecode.swift; path = CompletedGameViewController.swift; sourceTree = "<group>"; };
		4CF33D492022C51E00D311FF /* UserManager.swift */ = {isa = PBXFileReference; lastKnownFileType = sourcecode.swift; path = UserManager.swift; sourceTree = "<group>"; };
		7FA7B3E1D9F005AD1BB7C1EA /* Pods_sketchaphone.framework */ = {isa = PBXFileReference; explicitFileType = wrapper.framework; includeInIndex = 0; path = Pods_sketchaphone.framework; sourceTree = BUILT_PRODUCTS_DIR; };
		8F3AFD6CBD504635FCDF4367 /* Pods_telesketch.framework */ = {isa = PBXFileReference; explicitFileType = wrapper.framework; includeInIndex = 0; path = Pods_telesketch.framework; sourceTree = BUILT_PRODUCTS_DIR; };
		C509E8721A4A7054D2441345 /* Pods-sketchaphone.debug.xcconfig */ = {isa = PBXFileReference; includeInIndex = 1; lastKnownFileType = text.xcconfig; name = "Pods-sketchaphone.debug.xcconfig"; path = "Pods/Target Support Files/Pods-sketchaphone/Pods-sketchaphone.debug.xcconfig"; sourceTree = "<group>"; };
/* End PBXFileReference section */

/* Begin PBXFrameworksBuildPhase section */
		4C8C6C70201E6F2600197CBB /* Frameworks */ = {
			isa = PBXFrameworksBuildPhase;
			buildActionMask = 2147483647;
			files = (
				AF17E539B9F995B6A080CCDE /* Pods_sketchaphone.framework in Frameworks */,
			);
			runOnlyForDeploymentPostprocessing = 0;
		};
/* End PBXFrameworksBuildPhase section */

/* Begin PBXGroup section */
		4C6C961C201E7F6C00A059E9 /* Elements */ = {
			isa = PBXGroup;
			children = (
				4C6C961D201E7F8300A059E9 /* DrawableImageView.swift */,
			);
			path = Elements;
			sourceTree = "<group>";
		};
		4C8C6C6A201E6F2600197CBB = {
			isa = PBXGroup;
			children = (
				4C8C6C75201E6F2600197CBB /* sketchaphone */,
				4C8C6C74201E6F2600197CBB /* Products */,
				EF82429ACBF2E14987EFC482 /* Pods */,
				E7D24680BEFACDAB310E59A1 /* Frameworks */,
			);
			sourceTree = "<group>";
		};
		4C8C6C74201E6F2600197CBB /* Products */ = {
			isa = PBXGroup;
			children = (
				4C8C6C73201E6F2600197CBB /* sketchaphone.app */,
			);
			name = Products;
			sourceTree = "<group>";
		};
		4C8C6C75201E6F2600197CBB /* sketchaphone */ = {
			isa = PBXGroup;
			children = (
				4CB722F1201EC9E400015EB8 /* Icons */,
				4C8C6C89201E724200197CBB /* Controllers */,
				4C8C6C88201E71FE00197CBB /* API */,
				4C8C6C76201E6F2600197CBB /* AppDelegate.swift */,
				4C8C6C7A201E6F2600197CBB /* Main.storyboard */,
				4C8C6C7D201E6F2600197CBB /* Assets.xcassets */,
				4C8C6C7F201E6F2600197CBB /* LaunchScreen.storyboard */,
				4C8C6C82201E6F2600197CBB /* Info.plist */,
			);
			path = sketchaphone;
			sourceTree = "<group>";
		};
		4C8C6C88201E71FE00197CBB /* API */ = {
			isa = PBXGroup;
			children = (
				4C6C961F201E85C200A059E9 /* PrototypeModels.swift */,
				4C6C9623201E8CA300A059E9 /* GamesManager.swift */,
				4CF33D492022C51E00D311FF /* UserManager.swift */,
			);
			path = API;
			sourceTree = "<group>";
		};
		4C8C6C89201E724200197CBB /* Controllers */ = {
			isa = PBXGroup;
			children = (
				4CB8B03C20202E2C00D0DD95 /* Extensions */,
				4C6C961C201E7F6C00A059E9 /* Elements */,
				4C8C6C78201E6F2600197CBB /* NewGamesViewController.swift */,
				4C6C961A201E796800A059E9 /* NewGameViewController.swift */,
				4C6C9621201E8C5800A059E9 /* DrawViewController.swift */,
				4C6C9625201E981B00A059E9 /* GuessViewController.swift */,
				4CF33D432022868500D311FF /* InProgressViewController.swift */,
				4CF33D452022869600D311FF /* CompletedViewController.swift */,
				4CF33D4720228BCD00D311FF /* CompletedGameViewController.swift */,
			);
			path = Controllers;
			sourceTree = "<group>";
		};
		4CB722F1201EC9E400015EB8 /* Icons */ = {
			isa = PBXGroup;
			children = (
				4CB8B04420217DF900D0DD95 /* logo.png */,
				4CB8B04320217DF900D0DD95 /* logo.svg */,
			);
			path = Icons;
			sourceTree = "<group>";
		};
		4CB8B03C20202E2C00D0DD95 /* Extensions */ = {
			isa = PBXGroup;
			children = (
				4CB8B03D20202E3A00D0DD95 /* UIView.swift */,
				4CB8B03F2020DEB600D0DD95 /* UIViewController.swift */,
				4CB8B0412020FB3800D0DD95 /* CGPoint.swift */,
				4CB8B04920218CD700D0DD95 /* UIColor.swift */,
			);
			path = Extensions;
			sourceTree = "<group>";
		};
		E7D24680BEFACDAB310E59A1 /* Frameworks */ = {
			isa = PBXGroup;
			children = (
				8F3AFD6CBD504635FCDF4367 /* Pods_telesketch.framework */,
				7FA7B3E1D9F005AD1BB7C1EA /* Pods_sketchaphone.framework */,
			);
			name = Frameworks;
			sourceTree = "<group>";
		};
		EF82429ACBF2E14987EFC482 /* Pods */ = {
			isa = PBXGroup;
			children = (
				C509E8721A4A7054D2441345 /* Pods-sketchaphone.debug.xcconfig */,
				21BCC6768CDBEF17863D9228 /* Pods-sketchaphone.release.xcconfig */,
			);
			name = Pods;
			sourceTree = "<group>";
		};
/* End PBXGroup section */

/* Begin PBXNativeTarget section */
		4C8C6C72201E6F2600197CBB /* sketchaphone */ = {
			isa = PBXNativeTarget;
			buildConfigurationList = 4C8C6C85201E6F2600197CBB /* Build configuration list for PBXNativeTarget "sketchaphone" */;
			buildPhases = (
				8066BE4787E33A34E48EDA95 /* [CP] Check Pods Manifest.lock */,
				4C8C6C6F201E6F2600197CBB /* Sources */,
				4C8C6C70201E6F2600197CBB /* Frameworks */,
				4C8C6C71201E6F2600197CBB /* Resources */,
				FBDE888948831C83614E1321 /* [CP] Embed Pods Frameworks */,
				3A74FAF64CB1253F24BE990D /* [CP] Copy Pods Resources */,
			);
			buildRules = (
			);
			dependencies = (
			);
			name = sketchaphone;
			productName = telesketch;
			productReference = 4C8C6C73201E6F2600197CBB /* sketchaphone.app */;
			productType = "com.apple.product-type.application";
		};
/* End PBXNativeTarget section */

/* Begin PBXProject section */
		4C8C6C6B201E6F2600197CBB /* Project object */ = {
			isa = PBXProject;
			attributes = {
				LastSwiftUpdateCheck = 0920;
				LastUpgradeCheck = 0920;
				ORGANIZATIONNAME = Michael;
				TargetAttributes = {
					4C8C6C72201E6F2600197CBB = {
						CreatedOnToolsVersion = 9.2;
						ProvisioningStyle = Automatic;
					};
				};
			};
			buildConfigurationList = 4C8C6C6E201E6F2600197CBB /* Build configuration list for PBXProject "sketchaphone" */;
			compatibilityVersion = "Xcode 8.0";
			developmentRegion = en;
			hasScannedForEncodings = 0;
			knownRegions = (
				en,
				Base,
			);
			mainGroup = 4C8C6C6A201E6F2600197CBB;
			productRefGroup = 4C8C6C74201E6F2600197CBB /* Products */;
			projectDirPath = "";
			projectRoot = "";
			targets = (
				4C8C6C72201E6F2600197CBB /* sketchaphone */,
			);
		};
/* End PBXProject section */

/* Begin PBXResourcesBuildPhase section */
		4C8C6C71201E6F2600197CBB /* Resources */ = {
			isa = PBXResourcesBuildPhase;
			buildActionMask = 2147483647;
			files = (
				4C8C6C81201E6F2600197CBB /* LaunchScreen.storyboard in Resources */,
				4CB8B04620217DF900D0DD95 /* logo.png in Resources */,
				4C8C6C7E201E6F2600197CBB /* Assets.xcassets in Resources */,
				4C8C6C7C201E6F2600197CBB /* Main.storyboard in Resources */,
				4CB8B04520217DF900D0DD95 /* logo.svg in Resources */,
			);
			runOnlyForDeploymentPostprocessing = 0;
		};
/* End PBXResourcesBuildPhase section */

/* Begin PBXShellScriptBuildPhase section */
		3A74FAF64CB1253F24BE990D /* [CP] Copy Pods Resources */ = {
			isa = PBXShellScriptBuildPhase;
			buildActionMask = 2147483647;
			files = (
			);
			inputPaths = (
			);
			name = "[CP] Copy Pods Resources";
			outputPaths = (
			);
			runOnlyForDeploymentPostprocessing = 0;
			shellPath = /bin/sh;
			shellScript = "\"${SRCROOT}/Pods/Target Support Files/Pods-sketchaphone/Pods-sketchaphone-resources.sh\"\n";
			showEnvVarsInLog = 0;
		};
		8066BE4787E33A34E48EDA95 /* [CP] Check Pods Manifest.lock */ = {
			isa = PBXShellScriptBuildPhase;
			buildActionMask = 2147483647;
			files = (
			);
			inputPaths = (
				"${PODS_PODFILE_DIR_PATH}/Podfile.lock",
				"${PODS_ROOT}/Manifest.lock",
			);
			name = "[CP] Check Pods Manifest.lock";
			outputPaths = (
				"$(DERIVED_FILE_DIR)/Pods-sketchaphone-checkManifestLockResult.txt",
			);
			runOnlyForDeploymentPostprocessing = 0;
			shellPath = /bin/sh;
			shellScript = "diff \"${PODS_PODFILE_DIR_PATH}/Podfile.lock\" \"${PODS_ROOT}/Manifest.lock\" > /dev/null\nif [ $? != 0 ] ; then\n    # print error to STDERR\n    echo \"error: The sandbox is not in sync with the Podfile.lock. Run 'pod install' or update your CocoaPods installation.\" >&2\n    exit 1\nfi\n# This output is used by Xcode 'outputs' to avoid re-running this script phase.\necho \"SUCCESS\" > \"${SCRIPT_OUTPUT_FILE_0}\"\n";
			showEnvVarsInLog = 0;
		};
		FBDE888948831C83614E1321 /* [CP] Embed Pods Frameworks */ = {
			isa = PBXShellScriptBuildPhase;
			buildActionMask = 2147483647;
			files = (
			);
			inputPaths = (
				"${SRCROOT}/Pods/Target Support Files/Pods-sketchaphone/Pods-sketchaphone-frameworks.sh",
				"${BUILT_PRODUCTS_DIR}/Apollo/Apollo.framework",
				"${BUILT_PRODUCTS_DIR}/Bolts/Bolts.framework",
				"${BUILT_PRODUCTS_DIR}/FBSDKCoreKit/FBSDKCoreKit.framework",
				"${BUILT_PRODUCTS_DIR}/FBSDKLoginKit/FBSDKLoginKit.framework",
				"${BUILT_PRODUCTS_DIR}/FBSDKShareKit/FBSDKShareKit.framework",
				"${BUILT_PRODUCTS_DIR}/FacebookCore/FacebookCore.framework",
				"${BUILT_PRODUCTS_DIR}/FacebookLogin/FacebookLogin.framework",
				"${BUILT_PRODUCTS_DIR}/FacebookShare/FacebookShare.framework",
				"${BUILT_PRODUCTS_DIR}/Kingfisher/Kingfisher.framework",
				"${BUILT_PRODUCTS_DIR}/SQLite.swift/SQLite.framework",
			);
			name = "[CP] Embed Pods Frameworks";
			outputPaths = (
				"${TARGET_BUILD_DIR}/${FRAMEWORKS_FOLDER_PATH}/Apollo.framework",
				"${TARGET_BUILD_DIR}/${FRAMEWORKS_FOLDER_PATH}/Bolts.framework",
				"${TARGET_BUILD_DIR}/${FRAMEWORKS_FOLDER_PATH}/FBSDKCoreKit.framework",
				"${TARGET_BUILD_DIR}/${FRAMEWORKS_FOLDER_PATH}/FBSDKLoginKit.framework",
				"${TARGET_BUILD_DIR}/${FRAMEWORKS_FOLDER_PATH}/FBSDKShareKit.framework",
				"${TARGET_BUILD_DIR}/${FRAMEWORKS_FOLDER_PATH}/FacebookCore.framework",
				"${TARGET_BUILD_DIR}/${FRAMEWORKS_FOLDER_PATH}/FacebookLogin.framework",
				"${TARGET_BUILD_DIR}/${FRAMEWORKS_FOLDER_PATH}/FacebookShare.framework",
				"${TARGET_BUILD_DIR}/${FRAMEWORKS_FOLDER_PATH}/Kingfisher.framework",
				"${TARGET_BUILD_DIR}/${FRAMEWORKS_FOLDER_PATH}/SQLite.framework",
			);
			runOnlyForDeploymentPostprocessing = 0;
			shellPath = /bin/sh;
			shellScript = "\"${SRCROOT}/Pods/Target Support Files/Pods-sketchaphone/Pods-sketchaphone-frameworks.sh\"\n";
			showEnvVarsInLog = 0;
		};
/* End PBXShellScriptBuildPhase section */

/* Begin PBXSourcesBuildPhase section */
		4C8C6C6F201E6F2600197CBB /* Sources */ = {
			isa = PBXSourcesBuildPhase;
			buildActionMask = 2147483647;
			files = (
				4CF33D442022868500D311FF /* InProgressViewController.swift in Sources */,
				4CB8B0422020FB3800D0DD95 /* CGPoint.swift in Sources */,
				4CF33D4820228BCD00D311FF /* CompletedGameViewController.swift in Sources */,
				4CB8B04A20218CD700D0DD95 /* UIColor.swift in Sources */,
				4C6C9622201E8C5800A059E9 /* DrawViewController.swift in Sources */,
				4C6C9624201E8CA300A059E9 /* GamesManager.swift in Sources */,
				4CF33D4A2022C51E00D311FF /* UserManager.swift in Sources */,
				4C6C9626201E981B00A059E9 /* GuessViewController.swift in Sources */,
				4C8C6C79201E6F2600197CBB /* NewGamesViewController.swift in Sources */,
				4CB8B0402020DEB600D0DD95 /* UIViewController.swift in Sources */,
				4C8C6C77201E6F2600197CBB /* AppDelegate.swift in Sources */,
				4C6C961E201E7F8300A059E9 /* DrawableImageView.swift in Sources */,
				4C6C9620201E85C200A059E9 /* PrototypeModels.swift in Sources */,
				4CB8B03E20202E3A00D0DD95 /* UIView.swift in Sources */,
				4CF33D462022869600D311FF /* CompletedViewController.swift in Sources */,
				4C6C961B201E796800A059E9 /* NewGameViewController.swift in Sources */,
			);
			runOnlyForDeploymentPostprocessing = 0;
		};
/* End PBXSourcesBuildPhase section */

/* Begin PBXVariantGroup section */
		4C8C6C7A201E6F2600197CBB /* Main.storyboard */ = {
			isa = PBXVariantGroup;
			children = (
				4C8C6C7B201E6F2600197CBB /* Base */,
			);
			name = Main.storyboard;
			sourceTree = "<group>";
		};
		4C8C6C7F201E6F2600197CBB /* LaunchScreen.storyboard */ = {
			isa = PBXVariantGroup;
			children = (
				4C8C6C80201E6F2600197CBB /* Base */,
			);
			name = LaunchScreen.storyboard;
			sourceTree = "<group>";
		};
/* End PBXVariantGroup section */

/* Begin XCBuildConfiguration section */
		4C8C6C83201E6F2600197CBB /* Debug */ = {
			isa = XCBuildConfiguration;
			buildSettings = {
				ALWAYS_SEARCH_USER_PATHS = NO;
				CLANG_ANALYZER_NONNULL = YES;
				CLANG_ANALYZER_NUMBER_OBJECT_CONVERSION = YES_AGGRESSIVE;
				CLANG_CXX_LANGUAGE_STANDARD = "gnu++14";
				CLANG_CXX_LIBRARY = "libc++";
				CLANG_ENABLE_MODULES = YES;
				CLANG_ENABLE_OBJC_ARC = YES;
				CLANG_WARN_BLOCK_CAPTURE_AUTORELEASING = YES;
				CLANG_WARN_BOOL_CONVERSION = YES;
				CLANG_WARN_COMMA = YES;
				CLANG_WARN_CONSTANT_CONVERSION = YES;
				CLANG_WARN_DIRECT_OBJC_ISA_USAGE = YES_ERROR;
				CLANG_WARN_DOCUMENTATION_COMMENTS = YES;
				CLANG_WARN_EMPTY_BODY = YES;
				CLANG_WARN_ENUM_CONVERSION = YES;
				CLANG_WARN_INFINITE_RECURSION = YES;
				CLANG_WARN_INT_CONVERSION = YES;
				CLANG_WARN_NON_LITERAL_NULL_CONVERSION = YES;
				CLANG_WARN_OBJC_LITERAL_CONVERSION = YES;
				CLANG_WARN_OBJC_ROOT_CLASS = YES_ERROR;
				CLANG_WARN_RANGE_LOOP_ANALYSIS = YES;
				CLANG_WARN_STRICT_PROTOTYPES = YES;
				CLANG_WARN_SUSPICIOUS_MOVE = YES;
				CLANG_WARN_UNGUARDED_AVAILABILITY = YES_AGGRESSIVE;
				CLANG_WARN_UNREACHABLE_CODE = YES;
				CLANG_WARN__DUPLICATE_METHOD_MATCH = YES;
				CODE_SIGN_IDENTITY = "iPhone Developer";
				COPY_PHASE_STRIP = NO;
				DEBUG_INFORMATION_FORMAT = dwarf;
				ENABLE_STRICT_OBJC_MSGSEND = YES;
				ENABLE_TESTABILITY = YES;
				GCC_C_LANGUAGE_STANDARD = gnu11;
				GCC_DYNAMIC_NO_PIC = NO;
				GCC_NO_COMMON_BLOCKS = YES;
				GCC_OPTIMIZATION_LEVEL = 0;
				GCC_PREPROCESSOR_DEFINITIONS = (
					"DEBUG=1",
					"$(inherited)",
				);
				GCC_WARN_64_TO_32_BIT_CONVERSION = YES;
				GCC_WARN_ABOUT_RETURN_TYPE = YES_ERROR;
				GCC_WARN_UNDECLARED_SELECTOR = YES;
				GCC_WARN_UNINITIALIZED_AUTOS = YES_AGGRESSIVE;
				GCC_WARN_UNUSED_FUNCTION = YES;
				GCC_WARN_UNUSED_VARIABLE = YES;
				IPHONEOS_DEPLOYMENT_TARGET = 11.2;
				MTL_ENABLE_DEBUG_INFO = YES;
				ONLY_ACTIVE_ARCH = YES;
				SDKROOT = iphoneos;
				SWIFT_ACTIVE_COMPILATION_CONDITIONS = DEBUG;
				SWIFT_OPTIMIZATION_LEVEL = "-Onone";
			};
			name = Debug;
		};
		4C8C6C84201E6F2600197CBB /* Release */ = {
			isa = XCBuildConfiguration;
			buildSettings = {
				ALWAYS_SEARCH_USER_PATHS = NO;
				CLANG_ANALYZER_NONNULL = YES;
				CLANG_ANALYZER_NUMBER_OBJECT_CONVERSION = YES_AGGRESSIVE;
				CLANG_CXX_LANGUAGE_STANDARD = "gnu++14";
				CLANG_CXX_LIBRARY = "libc++";
				CLANG_ENABLE_MODULES = YES;
				CLANG_ENABLE_OBJC_ARC = YES;
				CLANG_WARN_BLOCK_CAPTURE_AUTORELEASING = YES;
				CLANG_WARN_BOOL_CONVERSION = YES;
				CLANG_WARN_COMMA = YES;
				CLANG_WARN_CONSTANT_CONVERSION = YES;
				CLANG_WARN_DIRECT_OBJC_ISA_USAGE = YES_ERROR;
				CLANG_WARN_DOCUMENTATION_COMMENTS = YES;
				CLANG_WARN_EMPTY_BODY = YES;
				CLANG_WARN_ENUM_CONVERSION = YES;
				CLANG_WARN_INFINITE_RECURSION = YES;
				CLANG_WARN_INT_CONVERSION = YES;
				CLANG_WARN_NON_LITERAL_NULL_CONVERSION = YES;
				CLANG_WARN_OBJC_LITERAL_CONVERSION = YES;
				CLANG_WARN_OBJC_ROOT_CLASS = YES_ERROR;
				CLANG_WARN_RANGE_LOOP_ANALYSIS = YES;
				CLANG_WARN_STRICT_PROTOTYPES = YES;
				CLANG_WARN_SUSPICIOUS_MOVE = YES;
				CLANG_WARN_UNGUARDED_AVAILABILITY = YES_AGGRESSIVE;
				CLANG_WARN_UNREACHABLE_CODE = YES;
				CLANG_WARN__DUPLICATE_METHOD_MATCH = YES;
				CODE_SIGN_IDENTITY = "iPhone Developer";
				COPY_PHASE_STRIP = NO;
				DEBUG_INFORMATION_FORMAT = "dwarf-with-dsym";
				ENABLE_NS_ASSERTIONS = NO;
				ENABLE_STRICT_OBJC_MSGSEND = YES;
				GCC_C_LANGUAGE_STANDARD = gnu11;
				GCC_NO_COMMON_BLOCKS = YES;
				GCC_WARN_64_TO_32_BIT_CONVERSION = YES;
				GCC_WARN_ABOUT_RETURN_TYPE = YES_ERROR;
				GCC_WARN_UNDECLARED_SELECTOR = YES;
				GCC_WARN_UNINITIALIZED_AUTOS = YES_AGGRESSIVE;
				GCC_WARN_UNUSED_FUNCTION = YES;
				GCC_WARN_UNUSED_VARIABLE = YES;
				IPHONEOS_DEPLOYMENT_TARGET = 11.2;
				MTL_ENABLE_DEBUG_INFO = NO;
				SDKROOT = iphoneos;
				SWIFT_OPTIMIZATION_LEVEL = "-Owholemodule";
				VALIDATE_PRODUCT = YES;
			};
			name = Release;
		};
		4C8C6C86201E6F2600197CBB /* Debug */ = {
			isa = XCBuildConfiguration;
			baseConfigurationReference = C509E8721A4A7054D2441345 /* Pods-sketchaphone.debug.xcconfig */;
			buildSettings = {
				ASSETCATALOG_COMPILER_APPICON_NAME = AppIcon;
				CODE_SIGN_STYLE = Automatic;
				DEVELOPMENT_TEAM = NTDFC8PLCC;
				INFOPLIST_FILE = sketchaphone/Info.plist;
				IPHONEOS_DEPLOYMENT_TARGET = 10.0;
				LD_RUNPATH_SEARCH_PATHS = "$(inherited) @executable_path/Frameworks";
				PRODUCT_BUNDLE_IDENTIFIER = com.michaeleconomy.sketchaphone;
				PRODUCT_NAME = "$(TARGET_NAME)";
				SWIFT_VERSION = 4.0;
				TARGETED_DEVICE_FAMILY = "1,2";
			};
			name = Debug;
		};
		4C8C6C87201E6F2600197CBB /* Release */ = {
			isa = XCBuildConfiguration;
			baseConfigurationReference = 21BCC6768CDBEF17863D9228 /* Pods-sketchaphone.release.xcconfig */;
			buildSettings = {
				ASSETCATALOG_COMPILER_APPICON_NAME = AppIcon;
				CODE_SIGN_STYLE = Automatic;
				DEVELOPMENT_TEAM = NTDFC8PLCC;
				INFOPLIST_FILE = sketchaphone/Info.plist;
				IPHONEOS_DEPLOYMENT_TARGET = 10.0;
				LD_RUNPATH_SEARCH_PATHS = "$(inherited) @executable_path/Frameworks";
				PRODUCT_BUNDLE_IDENTIFIER = com.michaeleconomy.sketchaphone;
				PRODUCT_NAME = "$(TARGET_NAME)";
				SWIFT_VERSION = 4.0;
				TARGETED_DEVICE_FAMILY = "1,2";
			};
			name = Release;
		};
/* End XCBuildConfiguration section */

/* Begin XCConfigurationList section */
		4C8C6C6E201E6F2600197CBB /* Build configuration list for PBXProject "sketchaphone" */ = {
			isa = XCConfigurationList;
			buildConfigurations = (
				4C8C6C83201E6F2600197CBB /* Debug */,
				4C8C6C84201E6F2600197CBB /* Release */,
			);
			defaultConfigurationIsVisible = 0;
			defaultConfigurationName = Release;
		};
		4C8C6C85201E6F2600197CBB /* Build configuration list for PBXNativeTarget "sketchaphone" */ = {
			isa = XCConfigurationList;
			buildConfigurations = (
				4C8C6C86201E6F2600197CBB /* Debug */,
				4C8C6C87201E6F2600197CBB /* Release */,
			);
			defaultConfigurationIsVisible = 0;
			defaultConfigurationName = Release;
		};
/* End XCConfigurationList section */
	};
	rootObject = 4C8C6C6B201E6F2600197CBB /* Project object */;
}
